PODS:
  - MobileWorkflow (0.0.114):
    - MobileWorkflow/Core (= 0.0.114)
  - MobileWorkflow/Core (0.0.114)

DEPENDENCIES:
  - MobileWorkflow

SPEC REPOS:
  https://github.com/FutureWorkshops/MWPodspecs.git:
    - MobileWorkflow

SPEC CHECKSUMS:
  MobileWorkflow: 028becc15581a7e45f1f4b983319dc1ec7e10d87

PODFILE CHECKSUM: 56622759a4f2dfff76fc44fe1d3629c54718a10d

COCOAPODS: 1.10.1
