PODS:
  - MobileWorkflow (0.0.110):
    - MobileWorkflow/Core (= 0.0.110)
  - MobileWorkflow/Core (0.0.110)

DEPENDENCIES:
  - MobileWorkflow

SPEC REPOS:
  https://github.com/FutureWorkshops/MWPodspecs.git:
    - MobileWorkflow

SPEC CHECKSUMS:
  MobileWorkflow: e92cb806eefbed042d9849431bed3880aa256d4b

PODFILE CHECKSUM: 56622759a4f2dfff76fc44fe1d3629c54718a10d

COCOAPODS: 1.10.1
