PODS:
  - MobileWorkflow (2.1.1):
    - MobileWorkflow/Core (= 2.1.1)
  - MobileWorkflow/Core (2.1.1)

DEPENDENCIES:
  - MobileWorkflow

SPEC REPOS:
  https://github.com/FutureWorkshops/MWPodspecs.git:
    - MobileWorkflow

SPEC CHECKSUMS:
  MobileWorkflow: 6d847cb8e553969e3147d96abb2c308fc9c7d717

PODFILE CHECKSUM: 617f95b7a7a149881ad078044efb1714f1ec58d6

COCOAPODS: 1.11.3
