// !$*UTF8*$!
{
	archiveVersion = 1;
	classes = {
	};
	objectVersion = 50;
	objects = {

/* Begin PBXBuildFile section */
		181326FD86A211AAA0E0FDBA /* Pods_MWCamera_MWCameraPlugin.framework in Frameworks */ = {isa = PBXBuildFile; fileRef = B1D4D0FB31FC297041608D6F /* Pods_MWCamera_MWCameraPlugin.framework */; };
		367CB769264EAB7A00ADFC79 /* BarcodeResult.swift in Sources */ = {isa = PBXBuildFile; fileRef = 367CB768264EAB7A00ADFC79 /* BarcodeResult.swift */; };
		52B3F98B6A5EE208D5E380CA /* Pods_MWCameraPluginTests.framework in Frameworks */ = {isa = PBXBuildFile; fileRef = 5387CE686F0A93BAFB5E1E82 /* Pods_MWCameraPluginTests.framework */; };
		ADF0E456261DC11200DB0103 /* Localizable.strings in Resources */ = {isa = PBXBuildFile; fileRef = ADF0E458261DC11200DB0103 /* Localizable.strings */; };
		B18047602577AC64001EF194 /* MWQRCodeStep.swift in Sources */ = {isa = PBXBuildFile; fileRef = B180475F2577AC64001EF194 /* MWQRCodeStep.swift */; };
		B18047642577AC71001EF194 /* MWQRCodeStepViewController.swift in Sources */ = {isa = PBXBuildFile; fileRef = B18047632577AC71001EF194 /* MWQRCodeStepViewController.swift */; };
		B18A496E2577AA4F002F3FD4 /* MWCameraPlugin.framework in Frameworks */ = {isa = PBXBuildFile; fileRef = B18A49642577AA4E002F3FD4 /* MWCameraPlugin.framework */; };
		B18A49732577AA4F002F3FD4 /* MWCameraPluginTests.swift in Sources */ = {isa = PBXBuildFile; fileRef = B18A49722577AA4F002F3FD4 /* MWCameraPluginTests.swift */; };
		B18A49752577AA4F002F3FD4 /* MWCameraPlugin.h in Headers */ = {isa = PBXBuildFile; fileRef = B18A49672577AA4E002F3FD4 /* MWCameraPlugin.h */; settings = {ATTRIBUTES = (Public, ); }; };
		B1FFDF8826273C0600465B04 /* MWCameraPlugin.swift in Sources */ = {isa = PBXBuildFile; fileRef = B1FFDF8726273C0600465B04 /* MWCameraPlugin.swift */; };
		B1FFDF9426273C6A00465B04 /* L10n.swift in Sources */ = {isa = PBXBuildFile; fileRef = B1FFDF9326273C6A00465B04 /* L10n.swift */; };
		B1FFDF9A26273C8F00465B04 /* MWBarcodeStep.swift in Sources */ = {isa = PBXBuildFile; fileRef = B1FFDF9926273C8F00465B04 /* MWBarcodeStep.swift */; };
		B1FFDF9E26273CDF00465B04 /* MWBarcodeStepViewController.swift in Sources */ = {isa = PBXBuildFile; fileRef = B1FFDF9D26273CDF00465B04 /* MWBarcodeStepViewController.swift */; };
/* End PBXBuildFile section */

/* Begin PBXContainerItemProxy section */
		B18A496F2577AA4F002F3FD4 /* PBXContainerItemProxy */ = {
			isa = PBXContainerItemProxy;
			containerPortal = B18A495B2577AA4E002F3FD4 /* Project object */;
			proxyType = 1;
			remoteGlobalIDString = B18A49632577AA4E002F3FD4;
			remoteInfo = MWCameraPlugin;
		};
/* End PBXContainerItemProxy section */

/* Begin PBXFileReference section */
		0B9FF0B5127521888436108A /* Pods-MWCameraPluginTests.release.xcconfig */ = {isa = PBXFileReference; includeInIndex = 1; lastKnownFileType = text.xcconfig; name = "Pods-MWCameraPluginTests.release.xcconfig"; path = "Target Support Files/Pods-MWCameraPluginTests/Pods-MWCameraPluginTests.release.xcconfig"; sourceTree = "<group>"; };
		12AD656C79FE984C1E211D32 /* Pods-MWCamera-MWCameraPlugin.release.xcconfig */ = {isa = PBXFileReference; includeInIndex = 1; lastKnownFileType = text.xcconfig; name = "Pods-MWCamera-MWCameraPlugin.release.xcconfig"; path = "Target Support Files/Pods-MWCamera-MWCameraPlugin/Pods-MWCamera-MWCameraPlugin.release.xcconfig"; sourceTree = "<group>"; };
		367CB768264EAB7A00ADFC79 /* BarcodeResult.swift */ = {isa = PBXFileReference; fileEncoding = 4; lastKnownFileType = sourcecode.swift; path = BarcodeResult.swift; sourceTree = "<group>"; };
		52CA5BBDCCC2599F88C6671B /* Pods-MWCamera-MWCameraPlugin.debug.xcconfig */ = {isa = PBXFileReference; includeInIndex = 1; lastKnownFileType = text.xcconfig; name = "Pods-MWCamera-MWCameraPlugin.debug.xcconfig"; path = "Target Support Files/Pods-MWCamera-MWCameraPlugin/Pods-MWCamera-MWCameraPlugin.debug.xcconfig"; sourceTree = "<group>"; };
		5387CE686F0A93BAFB5E1E82 /* Pods_MWCameraPluginTests.framework */ = {isa = PBXFileReference; explicitFileType = wrapper.framework; includeInIndex = 0; path = Pods_MWCameraPluginTests.framework; sourceTree = BUILT_PRODUCTS_DIR; };
		ADF0E457261DC11200DB0103 /* en */ = {isa = PBXFileReference; lastKnownFileType = text.plist.strings; name = en; path = en.lproj/Localizable.strings; sourceTree = "<group>"; };
		ADF0E459261DC88D00DB0103 /* ar */ = {isa = PBXFileReference; lastKnownFileType = text.plist.strings; name = ar; path = ar.lproj/Localizable.strings; sourceTree = "<group>"; };
		B180475F2577AC64001EF194 /* MWQRCodeStep.swift */ = {isa = PBXFileReference; lastKnownFileType = sourcecode.swift; path = MWQRCodeStep.swift; sourceTree = "<group>"; };
		B18047632577AC71001EF194 /* MWQRCodeStepViewController.swift */ = {isa = PBXFileReference; lastKnownFileType = sourcecode.swift; path = MWQRCodeStepViewController.swift; sourceTree = "<group>"; };
		B18A49642577AA4E002F3FD4 /* MWCameraPlugin.framework */ = {isa = PBXFileReference; explicitFileType = wrapper.framework; includeInIndex = 0; path = MWCameraPlugin.framework; sourceTree = BUILT_PRODUCTS_DIR; };
		B18A49672577AA4E002F3FD4 /* MWCameraPlugin.h */ = {isa = PBXFileReference; lastKnownFileType = sourcecode.c.h; path = MWCameraPlugin.h; sourceTree = "<group>"; };
		B18A49682577AA4E002F3FD4 /* Info.plist */ = {isa = PBXFileReference; lastKnownFileType = text.plist.xml; path = Info.plist; sourceTree = "<group>"; };
		B18A496D2577AA4F002F3FD4 /* MWCameraPluginTests.xctest */ = {isa = PBXFileReference; explicitFileType = wrapper.cfbundle; includeInIndex = 0; path = MWCameraPluginTests.xctest; sourceTree = BUILT_PRODUCTS_DIR; };
		B18A49722577AA4F002F3FD4 /* MWCameraPluginTests.swift */ = {isa = PBXFileReference; lastKnownFileType = sourcecode.swift; path = MWCameraPluginTests.swift; sourceTree = "<group>"; };
		B18A49742577AA4F002F3FD4 /* Info.plist */ = {isa = PBXFileReference; lastKnownFileType = text.plist.xml; path = Info.plist; sourceTree = "<group>"; };
		B1D4D0FB31FC297041608D6F /* Pods_MWCamera_MWCameraPlugin.framework */ = {isa = PBXFileReference; explicitFileType = wrapper.framework; includeInIndex = 0; path = Pods_MWCamera_MWCameraPlugin.framework; sourceTree = BUILT_PRODUCTS_DIR; };
		B1FFDF8726273C0600465B04 /* MWCameraPlugin.swift */ = {isa = PBXFileReference; lastKnownFileType = sourcecode.swift; path = MWCameraPlugin.swift; sourceTree = "<group>"; };
		B1FFDF9326273C6A00465B04 /* L10n.swift */ = {isa = PBXFileReference; lastKnownFileType = sourcecode.swift; path = L10n.swift; sourceTree = "<group>"; };
		B1FFDF9926273C8F00465B04 /* MWBarcodeStep.swift */ = {isa = PBXFileReference; lastKnownFileType = sourcecode.swift; path = MWBarcodeStep.swift; sourceTree = "<group>"; };
		B1FFDF9D26273CDF00465B04 /* MWBarcodeStepViewController.swift */ = {isa = PBXFileReference; lastKnownFileType = sourcecode.swift; path = MWBarcodeStepViewController.swift; sourceTree = "<group>"; };
		F5CBE9105CCAE5E898F650BE /* Pods-MWCameraPluginTests.debug.xcconfig */ = {isa = PBXFileReference; includeInIndex = 1; lastKnownFileType = text.xcconfig; name = "Pods-MWCameraPluginTests.debug.xcconfig"; path = "Target Support Files/Pods-MWCameraPluginTests/Pods-MWCameraPluginTests.debug.xcconfig"; sourceTree = "<group>"; };
/* End PBXFileReference section */

/* Begin PBXFrameworksBuildPhase section */
		B18A49612577AA4E002F3FD4 /* Frameworks */ = {
			isa = PBXFrameworksBuildPhase;
			buildActionMask = 2147483647;
			files = (
				181326FD86A211AAA0E0FDBA /* Pods_MWCamera_MWCameraPlugin.framework in Frameworks */,
			);
			runOnlyForDeploymentPostprocessing = 0;
		};
		B18A496A2577AA4F002F3FD4 /* Frameworks */ = {
			isa = PBXFrameworksBuildPhase;
			buildActionMask = 2147483647;
			files = (
				B18A496E2577AA4F002F3FD4 /* MWCameraPlugin.framework in Frameworks */,
				52B3F98B6A5EE208D5E380CA /* Pods_MWCameraPluginTests.framework in Frameworks */,
			);
			runOnlyForDeploymentPostprocessing = 0;
		};
/* End PBXFrameworksBuildPhase section */

/* Begin PBXGroup section */
		53821F0D6F73D39DA1E9C889 /* Pods */ = {
			isa = PBXGroup;
			children = (
				52CA5BBDCCC2599F88C6671B /* Pods-MWCamera-MWCameraPlugin.debug.xcconfig */,
				12AD656C79FE984C1E211D32 /* Pods-MWCamera-MWCameraPlugin.release.xcconfig */,
				F5CBE9105CCAE5E898F650BE /* Pods-MWCameraPluginTests.debug.xcconfig */,
				0B9FF0B5127521888436108A /* Pods-MWCameraPluginTests.release.xcconfig */,
			);
			name = Pods;
			path = ../Pods;
			sourceTree = "<group>";
		};
		9A6B3FBB9ADA9B9BF1FBA5B9 /* Frameworks */ = {
			isa = PBXGroup;
			children = (
				B1D4D0FB31FC297041608D6F /* Pods_MWCamera_MWCameraPlugin.framework */,
				5387CE686F0A93BAFB5E1E82 /* Pods_MWCameraPluginTests.framework */,
			);
			name = Frameworks;
			sourceTree = "<group>";
		};
		B180475E2577AC02001EF194 /* QR Code Step */ = {
			isa = PBXGroup;
			children = (
				B180475F2577AC64001EF194 /* MWQRCodeStep.swift */,
				B18047632577AC71001EF194 /* MWQRCodeStepViewController.swift */,
			);
			path = "QR Code Step";
			sourceTree = "<group>";
		};
		B18A495A2577AA4E002F3FD4 = {
			isa = PBXGroup;
			children = (
				B18A49662577AA4E002F3FD4 /* MWCameraPlugin */,
				B18A49712577AA4F002F3FD4 /* MWCameraPluginTests */,
				B18A49652577AA4E002F3FD4 /* Products */,
				53821F0D6F73D39DA1E9C889 /* Pods */,
				9A6B3FBB9ADA9B9BF1FBA5B9 /* Frameworks */,
			);
			sourceTree = "<group>";
		};
		B18A49652577AA4E002F3FD4 /* Products */ = {
			isa = PBXGroup;
			children = (
				B18A49642577AA4E002F3FD4 /* MWCameraPlugin.framework */,
				B18A496D2577AA4F002F3FD4 /* MWCameraPluginTests.xctest */,
			);
			name = Products;
			sourceTree = "<group>";
		};
		B18A49662577AA4E002F3FD4 /* MWCameraPlugin */ = {
			isa = PBXGroup;
			children = (
				B1FFDF8726273C0600465B04 /* MWCameraPlugin.swift */,
				367CB768264EAB7A00ADFC79 /* BarcodeResult.swift */,
				B1FFDF9326273C6A00465B04 /* L10n.swift */,
				B1FFDF8626273BEF00465B04 /* BarcodeStep */,
				B180475E2577AC02001EF194 /* QR Code Step */,
				B18A49672577AA4E002F3FD4 /* MWCameraPlugin.h */,
				B18A49682577AA4E002F3FD4 /* Info.plist */,
				ADF0E458261DC11200DB0103 /* Localizable.strings */,
			);
			path = MWCameraPlugin;
			sourceTree = "<group>";
		};
		B18A49712577AA4F002F3FD4 /* MWCameraPluginTests */ = {
			isa = PBXGroup;
			children = (
				B18A49722577AA4F002F3FD4 /* MWCameraPluginTests.swift */,
				B18A49742577AA4F002F3FD4 /* Info.plist */,
			);
			path = MWCameraPluginTests;
			sourceTree = "<group>";
		};
		B1FFDF8626273BEF00465B04 /* BarcodeStep */ = {
			isa = PBXGroup;
			children = (
				B1FFDF9926273C8F00465B04 /* MWBarcodeStep.swift */,
				B1FFDF9D26273CDF00465B04 /* MWBarcodeStepViewController.swift */,
			);
			path = BarcodeStep;
			sourceTree = "<group>";
		};
/* End PBXGroup section */

/* Begin PBXHeadersBuildPhase section */
		B18A495F2577AA4E002F3FD4 /* Headers */ = {
			isa = PBXHeadersBuildPhase;
			buildActionMask = 2147483647;
			files = (
				B18A49752577AA4F002F3FD4 /* MWCameraPlugin.h in Headers */,
			);
			runOnlyForDeploymentPostprocessing = 0;
		};
/* End PBXHeadersBuildPhase section */

/* Begin PBXNativeTarget section */
		B18A49632577AA4E002F3FD4 /* MWCameraPlugin */ = {
			isa = PBXNativeTarget;
			buildConfigurationList = B18A49782577AA4F002F3FD4 /* Build configuration list for PBXNativeTarget "MWCameraPlugin" */;
			buildPhases = (
				5D5F668095B900C610EAA792 /* [CP] Check Pods Manifest.lock */,
				B18A495F2577AA4E002F3FD4 /* Headers */,
				B18A49602577AA4E002F3FD4 /* Sources */,
				B18A49612577AA4E002F3FD4 /* Frameworks */,
				B18A49622577AA4E002F3FD4 /* Resources */,
			);
			buildRules = (
			);
			dependencies = (
			);
			name = MWCameraPlugin;
			productName = MWCameraPlugin;
			productReference = B18A49642577AA4E002F3FD4 /* MWCameraPlugin.framework */;
			productType = "com.apple.product-type.framework";
		};
		B18A496C2577AA4F002F3FD4 /* MWCameraPluginTests */ = {
			isa = PBXNativeTarget;
			buildConfigurationList = B18A497B2577AA4F002F3FD4 /* Build configuration list for PBXNativeTarget "MWCameraPluginTests" */;
			buildPhases = (
				685905BCB5C766818B10AFD0 /* [CP] Check Pods Manifest.lock */,
				B18A49692577AA4F002F3FD4 /* Sources */,
				B18A496A2577AA4F002F3FD4 /* Frameworks */,
				B18A496B2577AA4F002F3FD4 /* Resources */,
			);
			buildRules = (
			);
			dependencies = (
				B18A49702577AA4F002F3FD4 /* PBXTargetDependency */,
			);
			name = MWCameraPluginTests;
			productName = MWCameraPluginTests;
			productReference = B18A496D2577AA4F002F3FD4 /* MWCameraPluginTests.xctest */;
			productType = "com.apple.product-type.bundle.unit-test";
		};
/* End PBXNativeTarget section */

/* Begin PBXProject section */
		B18A495B2577AA4E002F3FD4 /* Project object */ = {
			isa = PBXProject;
			attributes = {
				LastSwiftUpdateCheck = 1220;
				LastUpgradeCheck = 1220;
				TargetAttributes = {
					B18A49632577AA4E002F3FD4 = {
						CreatedOnToolsVersion = 12.2;
						LastSwiftMigration = 1220;
					};
					B18A496C2577AA4F002F3FD4 = {
						CreatedOnToolsVersion = 12.2;
					};
				};
			};
			buildConfigurationList = B18A495E2577AA4E002F3FD4 /* Build configuration list for PBXProject "MWCameraPlugin" */;
			compatibilityVersion = "Xcode 9.3";
			developmentRegion = en;
			hasScannedForEncodings = 0;
			knownRegions = (
				en,
				ar,
			);
			mainGroup = B18A495A2577AA4E002F3FD4;
			productRefGroup = B18A49652577AA4E002F3FD4 /* Products */;
			projectDirPath = "";
			projectRoot = "";
			targets = (
				B18A49632577AA4E002F3FD4 /* MWCameraPlugin */,
				B18A496C2577AA4F002F3FD4 /* MWCameraPluginTests */,
			);
		};
/* End PBXProject section */

/* Begin PBXResourcesBuildPhase section */
		B18A49622577AA4E002F3FD4 /* Resources */ = {
			isa = PBXResourcesBuildPhase;
			buildActionMask = 2147483647;
			files = (
				ADF0E456261DC11200DB0103 /* Localizable.strings in Resources */,
			);
			runOnlyForDeploymentPostprocessing = 0;
		};
		B18A496B2577AA4F002F3FD4 /* Resources */ = {
			isa = PBXResourcesBuildPhase;
			buildActionMask = 2147483647;
			files = (
			);
			runOnlyForDeploymentPostprocessing = 0;
		};
/* End PBXResourcesBuildPhase section */

/* Begin PBXShellScriptBuildPhase section */
		5D5F668095B900C610EAA792 /* [CP] Check Pods Manifest.lock */ = {
			isa = PBXShellScriptBuildPhase;
			buildActionMask = 2147483647;
			files = (
			);
			inputFileListPaths = (
			);
			inputPaths = (
				"${PODS_PODFILE_DIR_PATH}/Podfile.lock",
				"${PODS_ROOT}/Manifest.lock",
			);
			name = "[CP] Check Pods Manifest.lock";
			outputFileListPaths = (
			);
			outputPaths = (
				"$(DERIVED_FILE_DIR)/Pods-MWCamera-MWCameraPlugin-checkManifestLockResult.txt",
			);
			runOnlyForDeploymentPostprocessing = 0;
			shellPath = /bin/sh;
			shellScript = "diff \"${PODS_PODFILE_DIR_PATH}/Podfile.lock\" \"${PODS_ROOT}/Manifest.lock\" > /dev/null\nif [ $? != 0 ] ; then\n    # print error to STDERR\n    echo \"error: The sandbox is not in sync with the Podfile.lock. Run 'pod install' or update your CocoaPods installation.\" >&2\n    exit 1\nfi\n# This output is used by Xcode 'outputs' to avoid re-running this script phase.\necho \"SUCCESS\" > \"${SCRIPT_OUTPUT_FILE_0}\"\n";
			showEnvVarsInLog = 0;
		};
		685905BCB5C766818B10AFD0 /* [CP] Check Pods Manifest.lock */ = {
			isa = PBXShellScriptBuildPhase;
			buildActionMask = 2147483647;
			files = (
			);
			inputFileListPaths = (
			);
			inputPaths = (
				"${PODS_PODFILE_DIR_PATH}/Podfile.lock",
				"${PODS_ROOT}/Manifest.lock",
			);
			name = "[CP] Check Pods Manifest.lock";
			outputFileListPaths = (
			);
			outputPaths = (
				"$(DERIVED_FILE_DIR)/Pods-MWCameraPluginTests-checkManifestLockResult.txt",
			);
			runOnlyForDeploymentPostprocessing = 0;
			shellPath = /bin/sh;
			shellScript = "diff \"${PODS_PODFILE_DIR_PATH}/Podfile.lock\" \"${PODS_ROOT}/Manifest.lock\" > /dev/null\nif [ $? != 0 ] ; then\n    # print error to STDERR\n    echo \"error: The sandbox is not in sync with the Podfile.lock. Run 'pod install' or update your CocoaPods installation.\" >&2\n    exit 1\nfi\n# This output is used by Xcode 'outputs' to avoid re-running this script phase.\necho \"SUCCESS\" > \"${SCRIPT_OUTPUT_FILE_0}\"\n";
			showEnvVarsInLog = 0;
		};
/* End PBXShellScriptBuildPhase section */

/* Begin PBXSourcesBuildPhase section */
		B18A49602577AA4E002F3FD4 /* Sources */ = {
			isa = PBXSourcesBuildPhase;
			buildActionMask = 2147483647;
			files = (
				B18047642577AC71001EF194 /* MWQRCodeStepViewController.swift in Sources */,
				367CB769264EAB7A00ADFC79 /* BarcodeResult.swift in Sources */,
				B1FFDF9426273C6A00465B04 /* L10n.swift in Sources */,
				B18047602577AC64001EF194 /* MWQRCodeStep.swift in Sources */,
				B1FFDF9E26273CDF00465B04 /* MWBarcodeStepViewController.swift in Sources */,
				B1FFDF9A26273C8F00465B04 /* MWBarcodeStep.swift in Sources */,
				B1FFDF8826273C0600465B04 /* MWCameraPlugin.swift in Sources */,
			);
			runOnlyForDeploymentPostprocessing = 0;
		};
		B18A49692577AA4F002F3FD4 /* Sources */ = {
			isa = PBXSourcesBuildPhase;
			buildActionMask = 2147483647;
			files = (
				B18A49732577AA4F002F3FD4 /* MWCameraPluginTests.swift in Sources */,
			);
			runOnlyForDeploymentPostprocessing = 0;
		};
/* End PBXSourcesBuildPhase section */

/* Begin PBXTargetDependency section */
		B18A49702577AA4F002F3FD4 /* PBXTargetDependency */ = {
			isa = PBXTargetDependency;
			target = B18A49632577AA4E002F3FD4 /* MWCameraPlugin */;
			targetProxy = B18A496F2577AA4F002F3FD4 /* PBXContainerItemProxy */;
		};
/* End PBXTargetDependency section */

/* Begin PBXVariantGroup section */
		ADF0E458261DC11200DB0103 /* Localizable.strings */ = {
			isa = PBXVariantGroup;
			children = (
				ADF0E457261DC11200DB0103 /* en */,
				ADF0E459261DC88D00DB0103 /* ar */,
			);
			name = Localizable.strings;
			sourceTree = "<group>";
		};
/* End PBXVariantGroup section */

/* Begin XCBuildConfiguration section */
		B18A49762577AA4F002F3FD4 /* Debug */ = {
			isa = XCBuildConfiguration;
			buildSettings = {
				ALWAYS_SEARCH_USER_PATHS = NO;
				CLANG_ANALYZER_NONNULL = YES;
				CLANG_ANALYZER_NUMBER_OBJECT_CONVERSION = YES_AGGRESSIVE;
				CLANG_CXX_LANGUAGE_STANDARD = "gnu++14";
				CLANG_CXX_LIBRARY = "libc++";
				CLANG_ENABLE_MODULES = YES;
				CLANG_ENABLE_OBJC_ARC = YES;
				CLANG_ENABLE_OBJC_WEAK = YES;
				CLANG_WARN_BLOCK_CAPTURE_AUTORELEASING = YES;
				CLANG_WARN_BOOL_CONVERSION = YES;
				CLANG_WARN_COMMA = YES;
				CLANG_WARN_CONSTANT_CONVERSION = YES;
				CLANG_WARN_DEPRECATED_OBJC_IMPLEMENTATIONS = YES;
				CLANG_WARN_DIRECT_OBJC_ISA_USAGE = YES_ERROR;
				CLANG_WARN_DOCUMENTATION_COMMENTS = YES;
				CLANG_WARN_EMPTY_BODY = YES;
				CLANG_WARN_ENUM_CONVERSION = YES;
				CLANG_WARN_INFINITE_RECURSION = YES;
				CLANG_WARN_INT_CONVERSION = YES;
				CLANG_WARN_NON_LITERAL_NULL_CONVERSION = YES;
				CLANG_WARN_OBJC_IMPLICIT_RETAIN_SELF = YES;
				CLANG_WARN_OBJC_LITERAL_CONVERSION = YES;
				CLANG_WARN_OBJC_ROOT_CLASS = YES_ERROR;
				CLANG_WARN_QUOTED_INCLUDE_IN_FRAMEWORK_HEADER = YES;
				CLANG_WARN_RANGE_LOOP_ANALYSIS = YES;
				CLANG_WARN_STRICT_PROTOTYPES = YES;
				CLANG_WARN_SUSPICIOUS_MOVE = YES;
				CLANG_WARN_UNGUARDED_AVAILABILITY = YES_AGGRESSIVE;
				CLANG_WARN_UNREACHABLE_CODE = YES;
				CLANG_WARN__DUPLICATE_METHOD_MATCH = YES;
				COPY_PHASE_STRIP = NO;
				CURRENT_PROJECT_VERSION = 1;
				DEBUG_INFORMATION_FORMAT = dwarf;
				ENABLE_STRICT_OBJC_MSGSEND = YES;
				ENABLE_TESTABILITY = YES;
				GCC_C_LANGUAGE_STANDARD = gnu11;
				GCC_DYNAMIC_NO_PIC = NO;
				GCC_NO_COMMON_BLOCKS = YES;
				GCC_OPTIMIZATION_LEVEL = 0;
				GCC_PREPROCESSOR_DEFINITIONS = (
					"DEBUG=1",
					"$(inherited)",
				);
				GCC_WARN_64_TO_32_BIT_CONVERSION = YES;
				GCC_WARN_ABOUT_RETURN_TYPE = YES_ERROR;
				GCC_WARN_UNDECLARED_SELECTOR = YES;
				GCC_WARN_UNINITIALIZED_AUTOS = YES_AGGRESSIVE;
				GCC_WARN_UNUSED_FUNCTION = YES;
				GCC_WARN_UNUSED_VARIABLE = YES;
				IPHONEOS_DEPLOYMENT_TARGET = 13.0;
				MTL_ENABLE_DEBUG_INFO = INCLUDE_SOURCE;
				MTL_FAST_MATH = YES;
				ONLY_ACTIVE_ARCH = YES;
				SDKROOT = iphoneos;
				SWIFT_ACTIVE_COMPILATION_CONDITIONS = DEBUG;
				SWIFT_OPTIMIZATION_LEVEL = "-Onone";
				VERSIONING_SYSTEM = "apple-generic";
				VERSION_INFO_PREFIX = "";
			};
			name = Debug;
		};
		B18A49772577AA4F002F3FD4 /* Release */ = {
			isa = XCBuildConfiguration;
			buildSettings = {
				ALWAYS_SEARCH_USER_PATHS = NO;
				CLANG_ANALYZER_NONNULL = YES;
				CLANG_ANALYZER_NUMBER_OBJECT_CONVERSION = YES_AGGRESSIVE;
				CLANG_CXX_LANGUAGE_STANDARD = "gnu++14";
				CLANG_CXX_LIBRARY = "libc++";
				CLANG_ENABLE_MODULES = YES;
				CLANG_ENABLE_OBJC_ARC = YES;
				CLANG_ENABLE_OBJC_WEAK = YES;
				CLANG_WARN_BLOCK_CAPTURE_AUTORELEASING = YES;
				CLANG_WARN_BOOL_CONVERSION = YES;
				CLANG_WARN_COMMA = YES;
				CLANG_WARN_CONSTANT_CONVERSION = YES;
				CLANG_WARN_DEPRECATED_OBJC_IMPLEMENTATIONS = YES;
				CLANG_WARN_DIRECT_OBJC_ISA_USAGE = YES_ERROR;
				CLANG_WARN_DOCUMENTATION_COMMENTS = YES;
				CLANG_WARN_EMPTY_BODY = YES;
				CLANG_WARN_ENUM_CONVERSION = YES;
				CLANG_WARN_INFINITE_RECURSION = YES;
				CLANG_WARN_INT_CONVERSION = YES;
				CLANG_WARN_NON_LITERAL_NULL_CONVERSION = YES;
				CLANG_WARN_OBJC_IMPLICIT_RETAIN_SELF = YES;
				CLANG_WARN_OBJC_LITERAL_CONVERSION = YES;
				CLANG_WARN_OBJC_ROOT_CLASS = YES_ERROR;
				CLANG_WARN_QUOTED_INCLUDE_IN_FRAMEWORK_HEADER = YES;
				CLANG_WARN_RANGE_LOOP_ANALYSIS = YES;
				CLANG_WARN_STRICT_PROTOTYPES = YES;
				CLANG_WARN_SUSPICIOUS_MOVE = YES;
				CLANG_WARN_UNGUARDED_AVAILABILITY = YES_AGGRESSIVE;
				CLANG_WARN_UNREACHABLE_CODE = YES;
				CLANG_WARN__DUPLICATE_METHOD_MATCH = YES;
				COPY_PHASE_STRIP = NO;
				CURRENT_PROJECT_VERSION = 1;
				DEBUG_INFORMATION_FORMAT = "dwarf-with-dsym";
				ENABLE_NS_ASSERTIONS = NO;
				ENABLE_STRICT_OBJC_MSGSEND = YES;
				GCC_C_LANGUAGE_STANDARD = gnu11;
				GCC_NO_COMMON_BLOCKS = YES;
				GCC_WARN_64_TO_32_BIT_CONVERSION = YES;
				GCC_WARN_ABOUT_RETURN_TYPE = YES_ERROR;
				GCC_WARN_UNDECLARED_SELECTOR = YES;
				GCC_WARN_UNINITIALIZED_AUTOS = YES_AGGRESSIVE;
				GCC_WARN_UNUSED_FUNCTION = YES;
				GCC_WARN_UNUSED_VARIABLE = YES;
				IPHONEOS_DEPLOYMENT_TARGET = 13.0;
				MTL_ENABLE_DEBUG_INFO = NO;
				MTL_FAST_MATH = YES;
				SDKROOT = iphoneos;
				SWIFT_COMPILATION_MODE = wholemodule;
				SWIFT_OPTIMIZATION_LEVEL = "-O";
				VALIDATE_PRODUCT = YES;
				VERSIONING_SYSTEM = "apple-generic";
				VERSION_INFO_PREFIX = "";
			};
			name = Release;
		};
		B18A49792577AA4F002F3FD4 /* Debug */ = {
			isa = XCBuildConfiguration;
			baseConfigurationReference = 52CA5BBDCCC2599F88C6671B /* Pods-MWCamera-MWCameraPlugin.debug.xcconfig */;
			buildSettings = {
				CLANG_ENABLE_MODULES = YES;
				CODE_SIGN_STYLE = Automatic;
				DEFINES_MODULE = YES;
				DEVELOPMENT_TEAM = BQHMJ2C6RL;
				DYLIB_COMPATIBILITY_VERSION = 1;
				DYLIB_CURRENT_VERSION = 1;
				DYLIB_INSTALL_NAME_BASE = "@rpath";
				INFOPLIST_FILE = MWCameraPlugin/Info.plist;
				INSTALL_PATH = "$(LOCAL_LIBRARY_DIR)/Frameworks";
				IPHONEOS_DEPLOYMENT_TARGET = 13.0;
				LD_RUNPATH_SEARCH_PATHS = (
					"$(inherited)",
					"@executable_path/Frameworks",
					"@loader_path/Frameworks",
				);
				PRODUCT_BUNDLE_IDENTIFIER = com.futureworkshops.MWCameraPlugin.MWCameraPlugin;
				PRODUCT_NAME = "$(TARGET_NAME:c99extidentifier)";
				SKIP_INSTALL = YES;
				SUPPORTS_MACCATALYST = NO;
				SWIFT_OPTIMIZATION_LEVEL = "-Onone";
				SWIFT_VERSION = 5.0;
				TARGETED_DEVICE_FAMILY = 1;
			};
			name = Debug;
		};
		B18A497A2577AA4F002F3FD4 /* Release */ = {
			isa = XCBuildConfiguration;
			baseConfigurationReference = 12AD656C79FE984C1E211D32 /* Pods-MWCamera-MWCameraPlugin.release.xcconfig */;
			buildSettings = {
				CLANG_ENABLE_MODULES = YES;
				CODE_SIGN_STYLE = Automatic;
				DEFINES_MODULE = YES;
				DEVELOPMENT_TEAM = BQHMJ2C6RL;
				DYLIB_COMPATIBILITY_VERSION = 1;
				DYLIB_CURRENT_VERSION = 1;
				DYLIB_INSTALL_NAME_BASE = "@rpath";
				INFOPLIST_FILE = MWCameraPlugin/Info.plist;
				INSTALL_PATH = "$(LOCAL_LIBRARY_DIR)/Frameworks";
				IPHONEOS_DEPLOYMENT_TARGET = 13.0;
				LD_RUNPATH_SEARCH_PATHS = (
					"$(inherited)",
					"@executable_path/Frameworks",
					"@loader_path/Frameworks",
				);
				PRODUCT_BUNDLE_IDENTIFIER = com.futureworkshops.MWCameraPlugin.MWCameraPlugin;
				PRODUCT_NAME = "$(TARGET_NAME:c99extidentifier)";
				SKIP_INSTALL = YES;
				SUPPORTS_MACCATALYST = NO;
				SWIFT_VERSION = 5.0;
				TARGETED_DEVICE_FAMILY = 1;
			};
			name = Release;
		};
		B18A497C2577AA4F002F3FD4 /* Debug */ = {
			isa = XCBuildConfiguration;
			baseConfigurationReference = F5CBE9105CCAE5E898F650BE /* Pods-MWCameraPluginTests.debug.xcconfig */;
			buildSettings = {
				ALWAYS_EMBED_SWIFT_STANDARD_LIBRARIES = YES;
				CODE_SIGN_STYLE = Automatic;
				DEVELOPMENT_TEAM = BQHMJ2C6RL;
				INFOPLIST_FILE = MWCameraPluginTests/Info.plist;
				LD_RUNPATH_SEARCH_PATHS = (
					"$(inherited)",
					"@executable_path/Frameworks",
					"@loader_path/Frameworks",
				);
				PRODUCT_BUNDLE_IDENTIFIER = com.futureworkshops.MWCameraPlugin.MWCameraPluginTests;
				PRODUCT_NAME = "$(TARGET_NAME)";
				SWIFT_VERSION = 5.0;
				TARGETED_DEVICE_FAMILY = "1,2";
			};
			name = Debug;
		};
		B18A497D2577AA4F002F3FD4 /* Release */ = {
			isa = XCBuildConfiguration;
			baseConfigurationReference = 0B9FF0B5127521888436108A /* Pods-MWCameraPluginTests.release.xcconfig */;
			buildSettings = {
				ALWAYS_EMBED_SWIFT_STANDARD_LIBRARIES = YES;
				CODE_SIGN_STYLE = Automatic;
				DEVELOPMENT_TEAM = BQHMJ2C6RL;
				INFOPLIST_FILE = MWCameraPluginTests/Info.plist;
				LD_RUNPATH_SEARCH_PATHS = (
					"$(inherited)",
					"@executable_path/Frameworks",
					"@loader_path/Frameworks",
				);
				PRODUCT_BUNDLE_IDENTIFIER = com.futureworkshops.MWCameraPlugin.MWCameraPluginTests;
				PRODUCT_NAME = "$(TARGET_NAME)";
				SWIFT_VERSION = 5.0;
				TARGETED_DEVICE_FAMILY = "1,2";
			};
			name = Release;
		};
/* End XCBuildConfiguration section */

/* Begin XCConfigurationList section */
		B18A495E2577AA4E002F3FD4 /* Build configuration list for PBXProject "MWCameraPlugin" */ = {
			isa = XCConfigurationList;
			buildConfigurations = (
				B18A49762577AA4F002F3FD4 /* Debug */,
				B18A49772577AA4F002F3FD4 /* Release */,
			);
			defaultConfigurationIsVisible = 0;
			defaultConfigurationName = Release;
		};
		B18A49782577AA4F002F3FD4 /* Build configuration list for PBXNativeTarget "MWCameraPlugin" */ = {
			isa = XCConfigurationList;
			buildConfigurations = (
				B18A49792577AA4F002F3FD4 /* Debug */,
				B18A497A2577AA4F002F3FD4 /* Release */,
			);
			defaultConfigurationIsVisible = 0;
			defaultConfigurationName = Release;
		};
		B18A497B2577AA4F002F3FD4 /* Build configuration list for PBXNativeTarget "MWCameraPluginTests" */ = {
			isa = XCConfigurationList;
			buildConfigurations = (
				B18A497C2577AA4F002F3FD4 /* Debug */,
				B18A497D2577AA4F002F3FD4 /* Release */,
			);
			defaultConfigurationIsVisible = 0;
			defaultConfigurationName = Release;
		};
/* End XCConfigurationList section */
	};
	rootObject = B18A495B2577AA4E002F3FD4 /* Project object */;
}
